<?xml version="1.0" encoding="utf-8"?>
<Project ToolsVersion="4.0" xmlns="http://schemas.microsoft.com/developer/msbuild/2003">
  <ItemGroup>
    <ClCompile Include="pch.cpp" />
    <ClCompile Include="main.cpp" />
    <ClCompile Include="App.cpp" />
    <ClCompile Include="SimpleCapture.cpp" />
    <ClCompile Include="SampleWindow.cpp" />
    <ClCompile Include="CaptureSnapshot.cpp" />
    <ClCompile Include="WindowList.cpp" />
    <ClCompile Include="MonitorList.cpp" />
  </ItemGroup>
  <ItemGroup>
    <ClInclude Include="pch.h" />
    <ClInclude Include="App.h" />
    <ClInclude Include="SimpleCapture.h" />
    <ClInclude Include="SampleWindow.h" />
    <ClInclude Include="CaptureSnapshot.h" />
    <ClInclude Include="WindowList.h" />
    <ClInclude Include="MonitorList.h" />
  </ItemGroup>
  <ItemGroup>
    <None Include="packages.config" />
  </ItemGroup>
</Project>